
Microsoft Visual Studio Solution File, Format Version 12.00
# Visual Studio Version 16
VisualStudioVersion = 16.0.30128.74
MinimumVisualStudioVersion = 10.0.40219.1
Project("{FAE04EC0-301F-11D3-BF4B-00C04F79EFBC}") = "LicentaFinal.Android", "LicentaFinal.Android\LicentaFinal.Android.csproj", "{EF095BC3-F28E-40AA-B8DC-802CB1B557AA}"
EndProject
Project("{FAE04EC0-301F-11D3-BF4B-00C04F79EFBC}") = "LicentaFinal.iOS", "LicentaFinal.iOS\LicentaFinal.iOS.csproj", "{9976F365-421F-4194-8D2D-AB4421F0B87B}"
EndProject
Project("{FAE04EC0-301F-11D3-BF4B-00C04F79EFBC}") = "LicentaFinal", "LicentaFinal\LicentaFinal.csproj", "{13D9EB02-957C-4552-B74A-9C0AF8D2501B}"
EndProject
Global
	GlobalSection(SolutionConfigurationPlatforms) = preSolution
		Debug|Any CPU = Debug|Any CPU
		Debug|iPhone = Debug|iPhone
		Debug|iPhoneSimulator = Debug|iPhoneSimulator
		Release|Any CPU = Release|Any CPU
		Release|iPhone = Release|iPhone
		Release|iPhoneSimulator = Release|iPhoneSimulator
	EndGlobalSection
	GlobalSection(ProjectConfigurationPlatforms) = postSolution
		{EF095BC3-F28E-40AA-B8DC-802CB1B557AA}.Debug|Any CPU.ActiveCfg = Debug|Any CPU
		{EF095BC3-F28E-40AA-B8DC-802CB1B557AA}.Debug|Any CPU.Build.0 = Debug|Any CPU
		{EF095BC3-F28E-40AA-B8DC-802CB1B557AA}.Debug|Any CPU.Deploy.0 = Debug|Any CPU
		{EF095BC3-F28E-40AA-B8DC-802CB1B557AA}.Debug|iPhone.ActiveCfg = Debug|Any CPU
		{EF095BC3-F28E-40AA-B8DC-802CB1B557AA}.Debug|iPhone.Build.0 = Debug|Any CPU
		{EF095BC3-F28E-40AA-B8DC-802CB1B557AA}.Debug|iPhone.Deploy.0 = Debug|Any CPU
		{EF095BC3-F28E-40AA-B8DC-802CB1B557AA}.Debug|iPhoneSimulator.ActiveCfg = Debug|Any CPU
		{EF095BC3-F28E-40AA-B8DC-802CB1B557AA}.Debug|iPhoneSimulator.Build.0 = Debug|Any CPU
		{EF095BC3-F28E-40AA-B8DC-802CB1B557AA}.Debug|iPhoneSimulator.Deploy.0 = Debug|Any CPU
		{EF095BC3-F28E-40AA-B8DC-802CB1B557AA}.Release|Any CPU.ActiveCfg = Release|Any CPU
		{EF095BC3-F28E-40AA-B8DC-802CB1B557AA}.Release|Any CPU.Build.0 = Release|Any CPU
		{EF095BC3-F28E-40AA-B8DC-802CB1B557AA}.Release|Any CPU.Deploy.0 = Release|Any CPU
		{EF095BC3-F28E-40AA-B8DC-802CB1B557AA}.Release|iPhone.ActiveCfg = Release|Any CPU
		{EF095BC3-F28E-40AA-B8DC-802CB1B557AA}.Release|iPhone.Build.0 = Release|Any CPU
		{EF095BC3-F28E-40AA-B8DC-802CB1B557AA}.Release|iPhone.Deploy.0 = Release|Any CPU
		{EF095BC3-F28E-40AA-B8DC-802CB1B557AA}.Release|iPhoneSimulator.ActiveCfg = Release|Any CPU
		{EF095BC3-F28E-40AA-B8DC-802CB1B557AA}.Release|iPhoneSimulator.Build.0 = Release|Any CPU
		{EF095BC3-F28E-40AA-B8DC-802CB1B557AA}.Release|iPhoneSimulator.Deploy.0 = Release|Any CPU
		{9976F365-421F-4194-8D2D-AB4421F0B87B}.Debug|Any CPU.ActiveCfg = Debug|iPhone
		{9976F365-421F-4194-8D2D-AB4421F0B87B}.Debug|Any CPU.Build.0 = Debug|iPhone
		{9976F365-421F-4194-8D2D-AB4421F0B87B}.Debug|Any CPU.Deploy.0 = Debug|iPhone
		{9976F365-421F-4194-8D2D-AB4421F0B87B}.Debug|iPhone.ActiveCfg = Debug|iPhone
		{9976F365-421F-4194-8D2D-AB4421F0B87B}.Debug|iPhone.Build.0 = Debug|iPhone
		{9976F365-421F-4194-8D2D-AB4421F0B87B}.Debug|iPhone.Deploy.0 = Debug|iPhone
		{9976F365-421F-4194-8D2D-AB4421F0B87B}.Debug|iPhoneSimulator.ActiveCfg = Debug|iPhoneSimulator
		{9976F365-421F-4194-8D2D-AB4421F0B87B}.Debug|iPhoneSimulator.Build.0 = Debug|iPhoneSimulator
		{9976F365-421F-4194-8D2D-AB4421F0B87B}.Debug|iPhoneSimulator.Deploy.0 = Debug|iPhoneSimulator
		{9976F365-421F-4194-8D2D-AB4421F0B87B}.Release|Any CPU.ActiveCfg = Release|iPhone
		{9976F365-421F-4194-8D2D-AB4421F0B87B}.Release|Any CPU.Build.0 = Release|iPhone
		{9976F365-421F-4194-8D2D-AB4421F0B87B}.Release|Any CPU.Deploy.0 = Release|iPhone
		{9976F365-421F-4194-8D2D-AB4421F0B87B}.Release|iPhone.ActiveCfg = Release|iPhone
		{9976F365-421F-4194-8D2D-AB4421F0B87B}.Release|iPhone.Build.0 = Release|iPhone
		{9976F365-421F-4194-8D2D-AB4421F0B87B}.Release|iPhone.Deploy.0 = Release|iPhone
		{9976F365-421F-4194-8D2D-AB4421F0B87B}.Release|iPhoneSimulator.ActiveCfg = Release|iPhoneSimulator
		{9976F365-421F-4194-8D2D-AB4421F0B87B}.Release|iPhoneSimulator.Build.0 = Release|iPhoneSimulator
		{9976F365-421F-4194-8D2D-AB4421F0B87B}.Release|iPhoneSimulator.Deploy.0 = Release|iPhoneSimulator
		{13D9EB02-957C-4552-B74A-9C0AF8D2501B}.Debug|Any CPU.ActiveCfg = Debug|Any CPU
		{13D9EB02-957C-4552-B74A-9C0AF8D2501B}.Debug|Any CPU.Build.0 = Debug|Any CPU
		{13D9EB02-957C-4552-B74A-9C0AF8D2501B}.Debug|Any CPU.Deploy.0 = Debug|Any CPU
		{13D9EB02-957C-4552-B74A-9C0AF8D2501B}.Debug|iPhone.ActiveCfg = Debug|Any CPU
		{13D9EB02-957C-4552-B74A-9C0AF8D2501B}.Debug|iPhone.Build.0 = Debug|Any CPU
		{13D9EB02-957C-4552-B74A-9C0AF8D2501B}.Debug|iPhone.Deploy.0 = Debug|Any CPU
		{13D9EB02-957C-4552-B74A-9C0AF8D2501B}.Debug|iPhoneSimulator.ActiveCfg = Debug|Any CPU
		{13D9EB02-957C-4552-B74A-9C0AF8D2501B}.Debug|iPhoneSimulator.Build.0 = Debug|Any CPU
		{13D9EB02-957C-4552-B74A-9C0AF8D2501B}.Debug|iPhoneSimulator.Deploy.0 = Debug|Any CPU
		{13D9EB02-957C-4552-B74A-9C0AF8D2501B}.Release|Any CPU.ActiveCfg = Release|Any CPU
		{13D9EB02-957C-4552-B74A-9C0AF8D2501B}.Release|Any CPU.Build.0 = Release|Any CPU
		{13D9EB02-957C-4552-B74A-9C0AF8D2501B}.Release|Any CPU.Deploy.0 = Release|Any CPU
		{13D9EB02-957C-4552-B74A-9C0AF8D2501B}.Release|iPhone.ActiveCfg = Release|Any CPU
		{13D9EB02-957C-4552-B74A-9C0AF8D2501B}.Release|iPhone.Build.0 = Release|Any CPU
		{13D9EB02-957C-4552-B74A-9C0AF8D2501B}.Release|iPhone.Deploy.0 = Release|Any CPU
		{13D9EB02-957C-4552-B74A-9C0AF8D2501B}.Release|iPhoneSimulator.ActiveCfg = Release|Any CPU
		{13D9EB02-957C-4552-B74A-9C0AF8D2501B}.Release|iPhoneSimulator.Build.0 = Release|Any CPU
		{13D9EB02-957C-4552-B74A-9C0AF8D2501B}.Release|iPhoneSimulator.Deploy.0 = Release|Any CPU
	EndGlobalSection
	GlobalSection(SolutionProperties) = preSolution
		HideSolutionNode = FALSE
	EndGlobalSection
	GlobalSection(ExtensibilityGlobals) = postSolution
		SolutionGuid = {F4CE6776-EAAC-417D-B9AA-56E34B7F893E}
	EndGlobalSection
EndGlobal
